
Microsoft Visual Studio Solution File, Format Version 12.00
# Visual Studio Version 16
VisualStudioVersion = 16.0.30621.155
MinimumVisualStudioVersion = 10.0.40219.1
Project("{FAE04EC0-301F-11D3-BF4B-00C04F79EFBC}") = "MyCompany", "MyCompany.csproj", "{65FF7248-9B60-4740-B333-2960F511FDBA}"
EndProject
Global
	GlobalSection(SolutionConfigurationPlatforms) = preSolution
		Debug|Any CPU = Debug|Any CPU
		Release|Any CPU = Release|Any CPU
	EndGlobalSection
	GlobalSection(ProjectConfigurationPlatforms) = postSolution
		{65FF7248-9B60-4740-B333-2960F511FDBA}.Debug|Any CPU.ActiveCfg = Debug|Any CPU
		{65FF7248-9B60-4740-B333-2960F511FDBA}.Debug|Any CPU.Build.0 = Debug|Any CPU
		{65FF7248-9B60-4740-B333-2960F511FDBA}.Release|Any CPU.ActiveCfg = Release|Any CPU
		{65FF7248-9B60-4740-B333-2960F511FDBA}.Release|Any CPU.Build.0 = Release|Any CPU
	EndGlobalSection
	GlobalSection(SolutionProperties) = preSolution
		HideSolutionNode = FALSE
	EndGlobalSection
	GlobalSection(ExtensibilityGlobals) = postSolution
		SolutionGuid = {4A5E715C-2E65-4A6D-BC3E-4DB443CFC2D3}
	EndGlobalSection
EndGlobal
